{
    "_meta": {
        "hash": {
            "sha256": "af233edad1f52a4943798d27220e2b93334856411569a2f2007541d0e1feac8d"
        },
        "pipfile-spec": 6,
        "requires": {
            "python_version": "3.8"
        },
        "sources": [
            {
                "name": "pypi",
                "url": "https://pypi.org/simple",
                "verify_ssl": true
            }
        ]
    },
    "default": {
        "bidict": {
            "hashes": [
                "sha256:4fa46f7ff96dc244abfc437383d987404ae861df797e2fd5b190e233c302be09",
                "sha256:929d056e8d0d9b17ceda20ba5b24ac388e2a4d39802b87f9f4d3f45ecba070bf"
            ],
            "markers": "python_version >= '3.6'",
            "version": "==0.21.2"
        },
        "click": {
            "hashes": [
                "sha256:8c04c11192119b1ef78ea049e0a6f0463e4c48ef00a30160c704337586f3ad7a",
                "sha256:fba402a4a47334742d782209a7c79bc448911afe1149d07bdabdf480b3e2f4b6"
            ],
            "markers": "python_version >= '3.6'",
            "version": "==8.0.1"
        },
        "flask": {
            "hashes": [
                "sha256:1c4c257b1892aec1398784c63791cbaa43062f1f7aeb555c4da961b20ee68f55",
                "sha256:a6209ca15eb63fc9385f38e452704113d679511d9574d09b2cf9183ae7d20dc9"
            ],
            "index": "pypi",
            "version": "==2.0.1"
        },
        "flask-socketio": {
            "hashes": [
                "sha256:07e1899e3b4851978b2ac8642080156c6294f8d0fc5212b4e4bcca713830306a",
                "sha256:1efdaacc7a26e94f2b197a80079b1058f6aa644a6094c0a322349e2b9c41f6b1"
            ],
            "index": "pypi",
            "version": "==5.1.1"
        },
        "itsdangerous": {
            "hashes": [
                "sha256:5174094b9637652bdb841a3029700391451bd092ba3db90600dea710ba28e97c",
                "sha256:9e724d68fc22902a1435351f84c3fb8623f303fffcc566a4cb952df8c572cff0"
            ],
            "markers": "python_version >= '3.6'",
            "version": "==2.0.1"
        },
        "jinja2": {
            "hashes": [
                "sha256:1f06f2da51e7b56b8f238affdd6b4e2c61e39598a378cc49345bc1bd42a978a4",
                "sha256:703f484b47a6af502e743c9122595cc812b0271f661722403114f71a79d0f5a4"
            ],
            "markers": "python_version >= '3.6'",
            "version": "==3.0.1"
        },
        "markupsafe": {
            "hashes": [
                "sha256:01a9b8ea66f1658938f65b93a85ebe8bc016e6769611be228d797c9d998dd298",
                "sha256:023cb26ec21ece8dc3907c0e8320058b2e0cb3c55cf9564da612bc325bed5e64",
                "sha256:0446679737af14f45767963a1a9ef7620189912317d095f2d9ffa183a4d25d2b",
                "sha256:0717a7390a68be14b8c793ba258e075c6f4ca819f15edfc2a3a027c823718567",
                "sha256:0955295dd5eec6cb6cc2fe1698f4c6d84af2e92de33fbcac4111913cd100a6ff",
                "sha256:10f82115e21dc0dfec9ab5c0223652f7197feb168c940f3ef61563fc2d6beb74",
                "sha256:1d609f577dc6e1aa17d746f8bd3c31aa4d258f4070d61b2aa5c4166c1539de35",
                "sha256:2ef54abee730b502252bcdf31b10dacb0a416229b72c18b19e24a4509f273d26",
                "sha256:3c112550557578c26af18a1ccc9e090bfe03832ae994343cfdacd287db6a6ae7",
                "sha256:47ab1e7b91c098ab893b828deafa1203de86d0bc6ab587b160f78fe6c4011f75",
                "sha256:49e3ceeabbfb9d66c3aef5af3a60cc43b85c33df25ce03d0031a608b0a8b2e3f",
                "sha256:4efca8f86c54b22348a5467704e3fec767b2db12fc39c6d963168ab1d3fc9135",
                "sha256:53edb4da6925ad13c07b6d26c2a852bd81e364f95301c66e930ab2aef5b5ddd8",
                "sha256:594c67807fb16238b30c44bdf74f36c02cdf22d1c8cda91ef8a0ed8dabf5620a",
                "sha256:611d1ad9a4288cf3e3c16014564df047fe08410e628f89805e475368bd304914",
                "sha256:6557b31b5e2c9ddf0de32a691f2312a32f77cd7681d8af66c2692efdbef84c18",
                "sha256:693ce3f9e70a6cf7d2fb9e6c9d8b204b6b39897a2c4a1aa65728d5ac97dcc1d8",
                "sha256:6a7fae0dd14cf60ad5ff42baa2e95727c3d81ded453457771d02b7d2b3f9c0c2",
                "sha256:6c4ca60fa24e85fe25b912b01e62cb969d69a23a5d5867682dd3e80b5b02581d",
                "sha256:7d91275b0245b1da4d4cfa07e0faedd5b0812efc15b702576d103293e252af1b",
                "sha256:905fec760bd2fa1388bb5b489ee8ee5f7291d692638ea5f67982d968366bef9f",
                "sha256:97383d78eb34da7e1fa37dd273c20ad4320929af65d156e35a5e2d89566d9dfb",
                "sha256:984d76483eb32f1bcb536dc27e4ad56bba4baa70be32fa87152832cdd9db0833",
                "sha256:a30e67a65b53ea0a5e62fe23682cfe22712e01f453b95233b25502f7c61cb415",
                "sha256:ab3ef638ace319fa26553db0624c4699e31a28bb2a835c5faca8f8acf6a5a902",
                "sha256:b2f4bf27480f5e5e8ce285a8c8fd176c0b03e93dcc6646477d4630e83440c6a9",
                "sha256:b7f2d075102dc8c794cbde1947378051c4e5180d52d276987b8d28a3bd58c17d",
                "sha256:be98f628055368795d818ebf93da628541e10b75b41c559fdf36d104c5787066",
                "sha256:d7f9850398e85aba693bb640262d3611788b1f29a79f0c93c565694658f4071f",
                "sha256:f5653a225f31e113b152e56f154ccbe59eeb1c7487b39b9d9f9cdb58e6c79dc5",
                "sha256:f826e31d18b516f653fe296d967d700fddad5901ae07c622bb3705955e1faa94",
                "sha256:f8ba0e8349a38d3001fae7eadded3f6606f0da5d748ee53cc1dab1d6527b9509",
                "sha256:f9081981fe268bd86831e5c75f7de206ef275defcb82bc70740ae6dc507aee51",
                "sha256:fa130dd50c57d53368c9d59395cb5526eda596d3ffe36666cd81a44d56e48872"
            ],
            "markers": "python_version >= '3.6'",
            "version": "==2.0.1"
        },
        "python-engineio": {
            "hashes": [
                "sha256:d510329b6d8ed5662547862f58bc73659ae62defa66b66d745ba021de112fa62",
                "sha256:f3ef9a2c048d08990f294c5f8991f6f162c3b12ecbd368baa0d90441de907d1c"
            ],
            "markers": "python_version >= '3.6'",
            "version": "==4.2.1"
        },
        "python-socketio": {
            "hashes": [
                "sha256:7ed57f6c024abdfeb9b25c74c0c00ffc18da47d903e8d72deecb87584370d1fc",
                "sha256:ca807c9e1f168e96dea412d64dd834fb47c470d27fd83da0504aa4b248ba2544"
            ],
            "markers": "python_version >= '3.6'",
            "version": "==5.4.0"
        },
        "werkzeug": {
            "hashes": [
                "sha256:1de1db30d010ff1af14a009224ec49ab2329ad2cde454c8a708130642d579c42",
                "sha256:6c1ec500dcdba0baa27600f6a22f6333d8b662d22027ff9f6202e3367413caa8"
            ],
            "markers": "python_version >= '3.6'",
            "version": "==2.0.1"
        }
    },
    "develop": {
        "appdirs": {
            "hashes": [
                "sha256:7d5d0167b2b1ba821647616af46a749d1c653740dd0d2415100fe26e27afdf41",
                "sha256:a841dacd6b99318a741b166adb07e19ee71a274450e68237b4650ca1055ab128"
            ],
            "version": "==1.4.4"
        },
        "black": {
            "hashes": [
                "sha256:1c7aa6ada8ee864db745b22790a32f94b2795c253a75d6d9b5e439ff10d23116",
                "sha256:c8373c6491de9362e39271630b65b964607bc5c79c83783547d76c839b3aa219"
            ],
            "index": "pypi",
            "version": "==21.7b0"
        },
        "click": {
            "hashes": [
                "sha256:8c04c11192119b1ef78ea049e0a6f0463e4c48ef00a30160c704337586f3ad7a",
                "sha256:fba402a4a47334742d782209a7c79bc448911afe1149d07bdabdf480b3e2f4b6"
            ],
            "markers": "python_version >= '3.6'",
            "version": "==8.0.1"
        },
        "mypy-extensions": {
            "hashes": [
                "sha256:090fedd75945a69ae91ce1303b5824f428daf5a028d2f6ab8a299250a846f15d",
                "sha256:2d82818f5bb3e369420cb3c4060a7970edba416647068eb4c5343488a6c604a8"
            ],
            "version": "==0.4.3"
        },
        "pathspec": {
            "hashes": [
                "sha256:7d15c4ddb0b5c802d161efc417ec1a2558ea2653c2e8ad9c19098201dc1c993a",
                "sha256:e564499435a2673d586f6b2130bb5b95f04a3ba06f81b8f895b651a3c76aabb1"
            ],
            "version": "==0.9.0"
        },
        "regex": {
            "hashes": [
                "sha256:026beb631097a4a3def7299aa5825e05e057de3c6d72b139c37813bfa351274b",
                "sha256:14caacd1853e40103f59571f169704367e79fb78fac3d6d09ac84d9197cadd16",
                "sha256:16d9eaa8c7e91537516c20da37db975f09ac2e7772a0694b245076c6d68f85da",
                "sha256:18fdc51458abc0a974822333bd3a932d4e06ba2a3243e9a1da305668bd62ec6d",
                "sha256:28e8af338240b6f39713a34e337c3813047896ace09d51593d6907c66c0708ba",
                "sha256:3835de96524a7b6869a6c710b26c90e94558c31006e96ca3cf6af6751b27dca1",
                "sha256:3905c86cc4ab6d71635d6419a6f8d972cab7c634539bba6053c47354fd04452c",
                "sha256:3c09d88a07483231119f5017904db8f60ad67906efac3f1baa31b9b7f7cca281",
                "sha256:4551728b767f35f86b8e5ec19a363df87450c7376d7419c3cac5b9ceb4bce576",
                "sha256:459bbe342c5b2dec5c5223e7c363f291558bc27982ef39ffd6569e8c082bdc83",
                "sha256:4f421e3cdd3a273bace013751c345f4ebeef08f05e8c10757533ada360b51a39",
                "sha256:577737ec3d4c195c4aef01b757905779a9e9aee608fa1cf0aec16b5576c893d3",
                "sha256:57fece29f7cc55d882fe282d9de52f2f522bb85290555b49394102f3621751ee",
                "sha256:7976d410e42be9ae7458c1816a416218364e06e162b82e42f7060737e711d9ce",
                "sha256:85f568892422a0e96235eb8ea6c5a41c8ccbf55576a2260c0160800dbd7c4f20",
                "sha256:8764a78c5464ac6bde91a8c87dd718c27c1cabb7ed2b4beaf36d3e8e390567f9",
                "sha256:8935937dad2c9b369c3d932b0edbc52a62647c2afb2fafc0c280f14a8bf56a6a",
                "sha256:8fe58d9f6e3d1abf690174fd75800fda9bdc23d2a287e77758dc0e8567e38ce6",
                "sha256:937b20955806381e08e54bd9d71f83276d1f883264808521b70b33d98e4dec5d",
                "sha256:9569da9e78f0947b249370cb8fadf1015a193c359e7e442ac9ecc585d937f08d",
                "sha256:a3b73390511edd2db2d34ff09aa0b2c08be974c71b4c0505b4a048d5dc128c2b",
                "sha256:a4eddbe2a715b2dd3849afbdeacf1cc283160b24e09baf64fa5675f51940419d",
                "sha256:a5c6dbe09aff091adfa8c7cfc1a0e83fdb8021ddb2c183512775a14f1435fe16",
                "sha256:b63e3571b24a7959017573b6455e05b675050bbbea69408f35f3cb984ec54363",
                "sha256:bb350eb1060591d8e89d6bac4713d41006cd4d479f5e11db334a48ff8999512f",
                "sha256:bf6d987edd4a44dd2fa2723fca2790f9442ae4de2c8438e53fcb1befdf5d823a",
                "sha256:bfa6a679410b394600eafd16336b2ce8de43e9b13f7fb9247d84ef5ad2b45e91",
                "sha256:c856ec9b42e5af4fe2d8e75970fcc3a2c15925cbcc6e7a9bcb44583b10b95e80",
                "sha256:cea56288eeda8b7511d507bbe7790d89ae7049daa5f51ae31a35ae3c05408531",
                "sha256:ea212df6e5d3f60341aef46401d32fcfded85593af1d82b8b4a7a68cd67fdd6b",
                "sha256:f35567470ee6dbfb946f069ed5f5615b40edcbb5f1e6e1d3d2b114468d505fc6",
                "sha256:fbc20975eee093efa2071de80df7f972b7b35e560b213aafabcec7c0bd00bd8c",
                "sha256:ff4a8ad9638b7ca52313d8732f37ecd5fd3c8e3aff10a8ccb93176fd5b3812f6"
            ],
            "version": "==2021.8.3"
        },
        "tomli": {
            "hashes": [
                "sha256:056f0376bf5a6b182c513f9582c1e5b0487265eb6c48842b69aa9ca1cd5f640a",
                "sha256:d60e681734099207a6add7a10326bc2ddd1fdc36c1b0f547d00ef73ac63739c2"
            ],
            "markers": "python_version >= '3.6'",
            "version": "==1.2.0"
        }
    }
}
